
Microsoft Visual Studio Solution File, Format Version 12.00
# Visual Studio 15
VisualStudioVersion = 15.0.28307.757
MinimumVisualStudioVersion = 10.0.40219.1
Project("{FAE04EC0-301F-11D3-BF4B-00C04F79EFBC}") = "FlameOffice-Guilherme-1704524", "FlameOffice-Guilherme-1704524\FlameOffice-Guilherme-1704524.csproj", "{88706AF6-A0E5-46EE-A9F7-6B8BF2448F76}"
EndProject
Global
	GlobalSection(SolutionConfigurationPlatforms) = preSolution
		Debug|Any CPU = Debug|Any CPU
		Release|Any CPU = Release|Any CPU
	EndGlobalSection
	GlobalSection(ProjectConfigurationPlatforms) = postSolution
		{88706AF6-A0E5-46EE-A9F7-6B8BF2448F76}.Debug|Any CPU.ActiveCfg = Debug|Any CPU
		{88706AF6-A0E5-46EE-A9F7-6B8BF2448F76}.Debug|Any CPU.Build.0 = Debug|Any CPU
		{88706AF6-A0E5-46EE-A9F7-6B8BF2448F76}.Release|Any CPU.ActiveCfg = Release|Any CPU
		{88706AF6-A0E5-46EE-A9F7-6B8BF2448F76}.Release|Any CPU.Build.0 = Release|Any CPU
	EndGlobalSection
	GlobalSection(SolutionProperties) = preSolution
		HideSolutionNode = FALSE
	EndGlobalSection
	GlobalSection(ExtensibilityGlobals) = postSolution
		SolutionGuid = {077565D3-8876-4C22-82A9-1EF0BEA89C13}
	EndGlobalSection
EndGlobal
